
Microsoft Visual Studio Solution File, Format Version 12.00
# Visual Studio Version 17
VisualStudioVersion = 17.13.35825.156 d17.13
MinimumVisualStudioVersion = 10.0.40219.1
Project("{D2ABAB84-BF74-430A-B69E-9DC6D40DDA17}") = "UniversityDW_CUBE_IT22118936", "UniversityDW_CUBE_IT22118936\UniversityDW_CUBE_IT22118936.dwproj", "{09C701AD-9B6C-1C0E-06C2-A808FD057F94}"
EndProject
Global
	GlobalSection(SolutionConfigurationPlatforms) = preSolution
		Development|Default = Development|Default
	EndGlobalSection
	GlobalSection(ProjectConfigurationPlatforms) = postSolution
		{09C701AD-9B6C-1C0E-06C2-A808FD057F94}.Development|Default.ActiveCfg = Development
		{09C701AD-9B6C-1C0E-06C2-A808FD057F94}.Development|Default.Build.0 = Development
		{09C701AD-9B6C-1C0E-06C2-A808FD057F94}.Development|Default.Deploy.0 = Development
	EndGlobalSection
	GlobalSection(SolutionProperties) = preSolution
		HideSolutionNode = FALSE
	EndGlobalSection
	GlobalSection(ExtensibilityGlobals) = postSolution
		SolutionGuid = {E0152172-73C5-4459-8A54-515FFFBF6B46}
	EndGlobalSection
EndGlobal
